// !$*UTF8*$!
{
	archiveVersion = 1;
	classes = {
	};
	objectVersion = 50;
	objects = {

/* Begin PBXBuildFile section */
		CDF7A5C122AAF65E00981BD6 /* AppDelegate.swift in Sources */ = {isa = PBXBuildFile; fileRef = CDF7A5C022AAF65E00981BD6 /* AppDelegate.swift */; };
		CDF7A5C322AAF65E00981BD6 /* SceneDelegate.swift in Sources */ = {isa = PBXBuildFile; fileRef = CDF7A5C222AAF65E00981BD6 /* SceneDelegate.swift */; };
		CDF7A5C522AAF65E00981BD6 /* ContentView.swift in Sources */ = {isa = PBXBuildFile; fileRef = CDF7A5C422AAF65E00981BD6 /* ContentView.swift */; };
		CDF7A5C722AAF65F00981BD6 /* Assets.xcassets in Resources */ = {isa = PBXBuildFile; fileRef = CDF7A5C622AAF65F00981BD6 /* Assets.xcassets */; };
		CDF7A5CA22AAF65F00981BD6 /* Preview Assets.xcassets in Resources */ = {isa = PBXBuildFile; fileRef = CDF7A5C922AAF65F00981BD6 /* Preview Assets.xcassets */; };
		CDF7A5CD22AAF65F00981BD6 /* LaunchScreen.storyboard in Resources */ = {isa = PBXBuildFile; fileRef = CDF7A5CB22AAF65F00981BD6 /* LaunchScreen.storyboard */; };
		CDF7A5D522AAF6BD00981BD6 /* ChatService.swift in Sources */ = {isa = PBXBuildFile; fileRef = CDF7A5D422AAF6BD00981BD6 /* ChatService.swift */; };
		CDF7A5D722AAF86F00981BD6 /* ChatMessage.swift in Sources */ = {isa = PBXBuildFile; fileRef = CDF7A5D622AAF86F00981BD6 /* ChatMessage.swift */; };
		E519318D22AB00B6003AFA62 /* MessageRow.swift in Sources */ = {isa = PBXBuildFile; fileRef = E519318C22AB00B6003AFA62 /* MessageRow.swift */; };
/* End PBXBuildFile section */

/* Begin PBXFileReference section */
		CDF7A5BD22AAF65E00981BD6 /* CombineChat.app */ = {isa = PBXFileReference; explicitFileType = wrapper.application; includeInIndex = 0; path = CombineChat.app; sourceTree = BUILT_PRODUCTS_DIR; };
		CDF7A5C022AAF65E00981BD6 /* AppDelegate.swift */ = {isa = PBXFileReference; lastKnownFileType = sourcecode.swift; path = AppDelegate.swift; sourceTree = "<group>"; };
		CDF7A5C222AAF65E00981BD6 /* SceneDelegate.swift */ = {isa = PBXFileReference; lastKnownFileType = sourcecode.swift; path = SceneDelegate.swift; sourceTree = "<group>"; };
		CDF7A5C422AAF65E00981BD6 /* ContentView.swift */ = {isa = PBXFileReference; lastKnownFileType = sourcecode.swift; path = ContentView.swift; sourceTree = "<group>"; };
		CDF7A5C622AAF65F00981BD6 /* Assets.xcassets */ = {isa = PBXFileReference; lastKnownFileType = folder.assetcatalog; path = Assets.xcassets; sourceTree = "<group>"; };
		CDF7A5C922AAF65F00981BD6 /* Preview Assets.xcassets */ = {isa = PBXFileReference; lastKnownFileType = folder.assetcatalog; path = "Preview Assets.xcassets"; sourceTree = "<group>"; };
		CDF7A5CC22AAF65F00981BD6 /* Base */ = {isa = PBXFileReference; lastKnownFileType = file.storyboard; name = Base; path = Base.lproj/LaunchScreen.storyboard; sourceTree = "<group>"; };
		CDF7A5CE22AAF65F00981BD6 /* Info.plist */ = {isa = PBXFileReference; lastKnownFileType = text.plist.xml; path = Info.plist; sourceTree = "<group>"; };
		CDF7A5D422AAF6BD00981BD6 /* ChatService.swift */ = {isa = PBXFileReference; lastKnownFileType = sourcecode.swift; path = ChatService.swift; sourceTree = "<group>"; };
		CDF7A5D622AAF86F00981BD6 /* ChatMessage.swift */ = {isa = PBXFileReference; lastKnownFileType = sourcecode.swift; path = ChatMessage.swift; sourceTree = "<group>"; };
		E519318C22AB00B6003AFA62 /* MessageRow.swift */ = {isa = PBXFileReference; lastKnownFileType = sourcecode.swift; path = MessageRow.swift; sourceTree = "<group>"; };
/* End PBXFileReference section */

/* Begin PBXFrameworksBuildPhase section */
		CDF7A5BA22AAF65E00981BD6 /* Frameworks */ = {
			isa = PBXFrameworksBuildPhase;
			buildActionMask = 2147483647;
			files = (
			);
			runOnlyForDeploymentPostprocessing = 0;
		};
/* End PBXFrameworksBuildPhase section */

/* Begin PBXGroup section */
		CDF7A5B422AAF65E00981BD6 = {
			isa = PBXGroup;
			children = (
				CDF7A5BF22AAF65E00981BD6 /* CombineChat */,
				CDF7A5BE22AAF65E00981BD6 /* Products */,
			);
			sourceTree = "<group>";
		};
		CDF7A5BE22AAF65E00981BD6 /* Products */ = {
			isa = PBXGroup;
			children = (
				CDF7A5BD22AAF65E00981BD6 /* CombineChat.app */,
			);
			name = Products;
			sourceTree = "<group>";
		};
		CDF7A5BF22AAF65E00981BD6 /* CombineChat */ = {
			isa = PBXGroup;
			children = (
				CDF7A5C022AAF65E00981BD6 /* AppDelegate.swift */,
				CDF7A5C222AAF65E00981BD6 /* SceneDelegate.swift */,
				CDF7A5C422AAF65E00981BD6 /* ContentView.swift */,
				CDF7A5C622AAF65F00981BD6 /* Assets.xcassets */,
				CDF7A5CB22AAF65F00981BD6 /* LaunchScreen.storyboard */,
				CDF7A5CE22AAF65F00981BD6 /* Info.plist */,
				CDF7A5C822AAF65F00981BD6 /* Preview Content */,
				CDF7A5D422AAF6BD00981BD6 /* ChatService.swift */,
				CDF7A5D622AAF86F00981BD6 /* ChatMessage.swift */,
				E519318C22AB00B6003AFA62 /* MessageRow.swift */,
			);
			path = CombineChat;
			sourceTree = "<group>";
		};
		CDF7A5C822AAF65F00981BD6 /* Preview Content */ = {
			isa = PBXGroup;
			children = (
				CDF7A5C922AAF65F00981BD6 /* Preview Assets.xcassets */,
			);
			path = "Preview Content";
			sourceTree = "<group>";
		};
/* End PBXGroup section */

/* Begin PBXNativeTarget section */
		CDF7A5BC22AAF65E00981BD6 /* CombineChat */ = {
			isa = PBXNativeTarget;
			buildConfigurationList = CDF7A5D122AAF65F00981BD6 /* Build configuration list for PBXNativeTarget "CombineChat" */;
			buildPhases = (
				CDF7A5B922AAF65E00981BD6 /* Sources */,
				CDF7A5BA22AAF65E00981BD6 /* Frameworks */,
				CDF7A5BB22AAF65E00981BD6 /* Resources */,
			);
			buildRules = (
			);
			dependencies = (
			);
			name = CombineChat;
			productName = CombineChat;
			productReference = CDF7A5BD22AAF65E00981BD6 /* CombineChat.app */;
			productType = "com.apple.product-type.application";
		};
/* End PBXNativeTarget section */

/* Begin PBXProject section */
		CDF7A5B522AAF65E00981BD6 /* Project object */ = {
			isa = PBXProject;
			attributes = {
				LastSwiftUpdateCheck = 1100;
				LastUpgradeCheck = 1100;
				ORGANIZATIONNAME = "Thom Ritterfeld";
				TargetAttributes = {
					CDF7A5BC22AAF65E00981BD6 = {
						CreatedOnToolsVersion = 11.0;
					};
				};
			};
			buildConfigurationList = CDF7A5B822AAF65E00981BD6 /* Build configuration list for PBXProject "CombineChat" */;
			compatibilityVersion = "Xcode 9.3";
			developmentRegion = en;
			hasScannedForEncodings = 0;
			knownRegions = (
				en,
				Base,
			);
			mainGroup = CDF7A5B422AAF65E00981BD6;
			productRefGroup = CDF7A5BE22AAF65E00981BD6 /* Products */;
			projectDirPath = "";
			projectRoot = "";
			targets = (
				CDF7A5BC22AAF65E00981BD6 /* CombineChat */,
			);
		};
/* End PBXProject section */

/* Begin PBXResourcesBuildPhase section */
		CDF7A5BB22AAF65E00981BD6 /* Resources */ = {
			isa = PBXResourcesBuildPhase;
			buildActionMask = 2147483647;
			files = (
				CDF7A5CD22AAF65F00981BD6 /* LaunchScreen.storyboard in Resources */,
				CDF7A5CA22AAF65F00981BD6 /* Preview Assets.xcassets in Resources */,
				CDF7A5C722AAF65F00981BD6 /* Assets.xcassets in Resources */,
			);
			runOnlyForDeploymentPostprocessing = 0;
		};
/* End PBXResourcesBuildPhase section */

/* Begin PBXSourcesBuildPhase section */
		CDF7A5B922AAF65E00981BD6 /* Sources */ = {
			isa = PBXSourcesBuildPhase;
			buildActionMask = 2147483647;
			files = (
				CDF7A5C122AAF65E00981BD6 /* AppDelegate.swift in Sources */,
				CDF7A5D522AAF6BD00981BD6 /* ChatService.swift in Sources */,
				E519318D22AB00B6003AFA62 /* MessageRow.swift in Sources */,
				CDF7A5D722AAF86F00981BD6 /* ChatMessage.swift in Sources */,
				CDF7A5C322AAF65E00981BD6 /* SceneDelegate.swift in Sources */,
				CDF7A5C522AAF65E00981BD6 /* ContentView.swift in Sources */,
			);
			runOnlyForDeploymentPostprocessing = 0;
		};
/* End PBXSourcesBuildPhase section */

/* Begin PBXVariantGroup section */
		CDF7A5CB22AAF65F00981BD6 /* LaunchScreen.storyboard */ = {
			isa = PBXVariantGroup;
			children = (
				CDF7A5CC22AAF65F00981BD6 /* Base */,
			);
			name = LaunchScreen.storyboard;
			sourceTree = "<group>";
		};
/* End PBXVariantGroup section */

/* Begin XCBuildConfiguration section */
		CDF7A5CF22AAF65F00981BD6 /* Debug */ = {
			isa = XCBuildConfiguration;
			buildSettings = {
				ALWAYS_SEARCH_USER_PATHS = NO;
				CLANG_ANALYZER_NONNULL = YES;
				CLANG_ANALYZER_NUMBER_OBJECT_CONVERSION = YES_AGGRESSIVE;
				CLANG_CXX_LANGUAGE_STANDARD = "gnu++14";
				CLANG_CXX_LIBRARY = "libc++";
				CLANG_ENABLE_MODULES = YES;
				CLANG_ENABLE_OBJC_ARC = YES;
				CLANG_ENABLE_OBJC_WEAK = YES;
				CLANG_WARN_BLOCK_CAPTURE_AUTORELEASING = YES;
				CLANG_WARN_BOOL_CONVERSION = YES;
				CLANG_WARN_COMMA = YES;
				CLANG_WARN_CONSTANT_CONVERSION = YES;
				CLANG_WARN_DEPRECATED_OBJC_IMPLEMENTATIONS = YES;
				CLANG_WARN_DIRECT_OBJC_ISA_USAGE = YES_ERROR;
				CLANG_WARN_DOCUMENTATION_COMMENTS = YES;
				CLANG_WARN_EMPTY_BODY = YES;
				CLANG_WARN_ENUM_CONVERSION = YES;
				CLANG_WARN_INFINITE_RECURSION = YES;
				CLANG_WARN_INT_CONVERSION = YES;
				CLANG_WARN_NON_LITERAL_NULL_CONVERSION = YES;
				CLANG_WARN_OBJC_IMPLICIT_RETAIN_SELF = YES;
				CLANG_WARN_OBJC_LITERAL_CONVERSION = YES;
				CLANG_WARN_OBJC_ROOT_CLASS = YES_ERROR;
				CLANG_WARN_RANGE_LOOP_ANALYSIS = YES;
				CLANG_WARN_STRICT_PROTOTYPES = YES;
				CLANG_WARN_SUSPICIOUS_MOVE = YES;
				CLANG_WARN_UNGUARDED_AVAILABILITY = YES_AGGRESSIVE;
				CLANG_WARN_UNREACHABLE_CODE = YES;
				CLANG_WARN__DUPLICATE_METHOD_MATCH = YES;
				COPY_PHASE_STRIP = NO;
				DEBUG_INFORMATION_FORMAT = dwarf;
				ENABLE_STRICT_OBJC_MSGSEND = YES;
				ENABLE_TESTABILITY = YES;
				GCC_C_LANGUAGE_STANDARD = gnu11;
				GCC_DYNAMIC_NO_PIC = NO;
				GCC_NO_COMMON_BLOCKS = YES;
				GCC_OPTIMIZATION_LEVEL = 0;
				GCC_PREPROCESSOR_DEFINITIONS = (
					"DEBUG=1",
					"$(inherited)",
				);
				GCC_WARN_64_TO_32_BIT_CONVERSION = YES;
				GCC_WARN_ABOUT_RETURN_TYPE = YES_ERROR;
				GCC_WARN_UNDECLARED_SELECTOR = YES;
				GCC_WARN_UNINITIALIZED_AUTOS = YES_AGGRESSIVE;
				GCC_WARN_UNUSED_FUNCTION = YES;
				GCC_WARN_UNUSED_VARIABLE = YES;
				IPHONEOS_DEPLOYMENT_TARGET = 13.0;
				MTL_ENABLE_DEBUG_INFO = INCLUDE_SOURCE;
				MTL_FAST_MATH = YES;
				ONLY_ACTIVE_ARCH = YES;
				SDKROOT = iphoneos;
				SWIFT_ACTIVE_COMPILATION_CONDITIONS = DEBUG;
				SWIFT_OPTIMIZATION_LEVEL = "-Onone";
			};
			name = Debug;
		};
		CDF7A5D022AAF65F00981BD6 /* Release */ = {
			isa = XCBuildConfiguration;
			buildSettings = {
				ALWAYS_SEARCH_USER_PATHS = NO;
				CLANG_ANALYZER_NONNULL = YES;
				CLANG_ANALYZER_NUMBER_OBJECT_CONVERSION = YES_AGGRESSIVE;
				CLANG_CXX_LANGUAGE_STANDARD = "gnu++14";
				CLANG_CXX_LIBRARY = "libc++";
				CLANG_ENABLE_MODULES = YES;
				CLANG_ENABLE_OBJC_ARC = YES;
				CLANG_ENABLE_OBJC_WEAK = YES;
				CLANG_WARN_BLOCK_CAPTURE_AUTORELEASING = YES;
				CLANG_WARN_BOOL_CONVERSION = YES;
				CLANG_WARN_COMMA = YES;
				CLANG_WARN_CONSTANT_CONVERSION = YES;
				CLANG_WARN_DEPRECATED_OBJC_IMPLEMENTATIONS = YES;
				CLANG_WARN_DIRECT_OBJC_ISA_USAGE = YES_ERROR;
				CLANG_WARN_DOCUMENTATION_COMMENTS = YES;
				CLANG_WARN_EMPTY_BODY = YES;
				CLANG_WARN_ENUM_CONVERSION = YES;
				CLANG_WARN_INFINITE_RECURSION = YES;
				CLANG_WARN_INT_CONVERSION = YES;
				CLANG_WARN_NON_LITERAL_NULL_CONVERSION = YES;
				CLANG_WARN_OBJC_IMPLICIT_RETAIN_SELF = YES;
				CLANG_WARN_OBJC_LITERAL_CONVERSION = YES;
				CLANG_WARN_OBJC_ROOT_CLASS = YES_ERROR;
				CLANG_WARN_RANGE_LOOP_ANALYSIS = YES;
				CLANG_WARN_STRICT_PROTOTYPES = YES;
				CLANG_WARN_SUSPICIOUS_MOVE = YES;
				CLANG_WARN_UNGUARDED_AVAILABILITY = YES_AGGRESSIVE;
				CLANG_WARN_UNREACHABLE_CODE = YES;
				CLANG_WARN__DUPLICATE_METHOD_MATCH = YES;
				COPY_PHASE_STRIP = NO;
				DEBUG_INFORMATION_FORMAT = "dwarf-with-dsym";
				ENABLE_NS_ASSERTIONS = NO;
				ENABLE_STRICT_OBJC_MSGSEND = YES;
				GCC_C_LANGUAGE_STANDARD = gnu11;
				GCC_NO_COMMON_BLOCKS = YES;
				GCC_WARN_64_TO_32_BIT_CONVERSION = YES;
				GCC_WARN_ABOUT_RETURN_TYPE = YES_ERROR;
				GCC_WARN_UNDECLARED_SELECTOR = YES;
				GCC_WARN_UNINITIALIZED_AUTOS = YES_AGGRESSIVE;
				GCC_WARN_UNUSED_FUNCTION = YES;
				GCC_WARN_UNUSED_VARIABLE = YES;
				IPHONEOS_DEPLOYMENT_TARGET = 13.0;
				MTL_ENABLE_DEBUG_INFO = NO;
				MTL_FAST_MATH = YES;
				SDKROOT = iphoneos;
				SWIFT_COMPILATION_MODE = wholemodule;
				SWIFT_OPTIMIZATION_LEVEL = "-O";
				VALIDATE_PRODUCT = YES;
			};
			name = Release;
		};
		CDF7A5D222AAF65F00981BD6 /* Debug */ = {
			isa = XCBuildConfiguration;
			buildSettings = {
				ASSETCATALOG_COMPILER_APPICON_NAME = AppIcon;
				CODE_SIGN_STYLE = Automatic;
				DEVELOPMENT_ASSET_PATHS = "CombineChat/Preview\\ Content";
				DEVELOPMENT_TEAM = 47P2QP4NY9;
				ENABLE_PREVIEWS = YES;
				INFOPLIST_FILE = CombineChat/Info.plist;
				LD_RUNPATH_SEARCH_PATHS = (
					"$(inherited)",
					"@executable_path/Frameworks",
				);
				PRODUCT_BUNDLE_IDENTIFIER = de.niklasholloh.wwdc.2o19.CombineChat;
				PRODUCT_NAME = "$(TARGET_NAME)";
				SWIFT_VERSION = 5.0;
				TARGETED_DEVICE_FAMILY = "1,2";
			};
			name = Debug;
		};
		CDF7A5D322AAF65F00981BD6 /* Release */ = {
			isa = XCBuildConfiguration;
			buildSettings = {
				ASSETCATALOG_COMPILER_APPICON_NAME = AppIcon;
				CODE_SIGN_STYLE = Automatic;
				DEVELOPMENT_ASSET_PATHS = "CombineChat/Preview\\ Content";
				DEVELOPMENT_TEAM = 47P2QP4NY9;
				ENABLE_PREVIEWS = YES;
				INFOPLIST_FILE = CombineChat/Info.plist;
				LD_RUNPATH_SEARCH_PATHS = (
					"$(inherited)",
					"@executable_path/Frameworks",
				);
				PRODUCT_BUNDLE_IDENTIFIER = de.niklasholloh.wwdc.2o19.CombineChat;
				PRODUCT_NAME = "$(TARGET_NAME)";
				SWIFT_VERSION = 5.0;
				TARGETED_DEVICE_FAMILY = "1,2";
			};
			name = Release;
		};
/* End XCBuildConfiguration section */

/* Begin XCConfigurationList section */
		CDF7A5B822AAF65E00981BD6 /* Build configuration list for PBXProject "CombineChat" */ = {
			isa = XCConfigurationList;
			buildConfigurations = (
				CDF7A5CF22AAF65F00981BD6 /* Debug */,
				CDF7A5D022AAF65F00981BD6 /* Release */,
			);
			defaultConfigurationIsVisible = 0;
			defaultConfigurationName = Release;
		};
		CDF7A5D122AAF65F00981BD6 /* Build configuration list for PBXNativeTarget "CombineChat" */ = {
			isa = XCConfigurationList;
			buildConfigurations = (
				CDF7A5D222AAF65F00981BD6 /* Debug */,
				CDF7A5D322AAF65F00981BD6 /* Release */,
			);
			defaultConfigurationIsVisible = 0;
			defaultConfigurationName = Release;
		};
/* End XCConfigurationList section */
	};
	rootObject = CDF7A5B522AAF65E00981BD6 /* Project object */;
}
